
Microsoft Visual Studio Solution File, Format Version 12.00
# Visual Studio 15
VisualStudioVersion = 15.0.28307.572
MinimumVisualStudioVersion = 10.0.40219.1
Project("{FAE04EC0-301F-11D3-BF4B-00C04F79EFBC}") = "ExercicioFor01", "ExercicioFor01\ExercicioFor01.csproj", "{425DA8ED-74A4-486B-8B60-F3AC3CD4B904}"
EndProject
Global
	GlobalSection(SolutionConfigurationPlatforms) = preSolution
		Debug|Any CPU = Debug|Any CPU
		Release|Any CPU = Release|Any CPU
	EndGlobalSection
	GlobalSection(ProjectConfigurationPlatforms) = postSolution
		{425DA8ED-74A4-486B-8B60-F3AC3CD4B904}.Debug|Any CPU.ActiveCfg = Debug|Any CPU
		{425DA8ED-74A4-486B-8B60-F3AC3CD4B904}.Debug|Any CPU.Build.0 = Debug|Any CPU
		{425DA8ED-74A4-486B-8B60-F3AC3CD4B904}.Release|Any CPU.ActiveCfg = Release|Any CPU
		{425DA8ED-74A4-486B-8B60-F3AC3CD4B904}.Release|Any CPU.Build.0 = Release|Any CPU
	EndGlobalSection
	GlobalSection(SolutionProperties) = preSolution
		HideSolutionNode = FALSE
	EndGlobalSection
	GlobalSection(ExtensibilityGlobals) = postSolution
		SolutionGuid = {CCD2F796-22C6-4FC3-961B-C0046A473EA0}
	EndGlobalSection
EndGlobal
