
Microsoft Visual Studio Solution File, Format Version 12.00
# Visual Studio 15
VisualStudioVersion = 15.0.28307.572
MinimumVisualStudioVersion = 10.0.40219.1
Project("{FAE04EC0-301F-11D3-BF4B-00C04F79EFBC}") = "Recapitulacao", "Recapitulacao\Recapitulacao.csproj", "{B6A4B098-48A5-4A8B-9E83-6CC17B7F07F9}"
EndProject
Global
	GlobalSection(SolutionConfigurationPlatforms) = preSolution
		Debug|Any CPU = Debug|Any CPU
		Release|Any CPU = Release|Any CPU
	EndGlobalSection
	GlobalSection(ProjectConfigurationPlatforms) = postSolution
		{B6A4B098-48A5-4A8B-9E83-6CC17B7F07F9}.Debug|Any CPU.ActiveCfg = Debug|Any CPU
		{B6A4B098-48A5-4A8B-9E83-6CC17B7F07F9}.Debug|Any CPU.Build.0 = Debug|Any CPU
		{B6A4B098-48A5-4A8B-9E83-6CC17B7F07F9}.Release|Any CPU.ActiveCfg = Release|Any CPU
		{B6A4B098-48A5-4A8B-9E83-6CC17B7F07F9}.Release|Any CPU.Build.0 = Release|Any CPU
	EndGlobalSection
	GlobalSection(SolutionProperties) = preSolution
		HideSolutionNode = FALSE
	EndGlobalSection
	GlobalSection(ExtensibilityGlobals) = postSolution
		SolutionGuid = {0C220095-A6FA-4A5E-8160-6F0CC6E90CEF}
	EndGlobalSection
EndGlobal
