
Microsoft Visual Studio Solution File, Format Version 12.00
# Visual Studio 15
VisualStudioVersion = 15.0.28307.572
MinimumVisualStudioVersion = 10.0.40219.1
Project("{FAE04EC0-301F-11D3-BF4B-00C04F79EFBC}") = "A45Exercicio01", "A45Exercicio01\A45Exercicio01.csproj", "{677A3103-259C-45F4-92DB-5C08C0353168}"
EndProject
Global
	GlobalSection(SolutionConfigurationPlatforms) = preSolution
		Debug|Any CPU = Debug|Any CPU
		Release|Any CPU = Release|Any CPU
	EndGlobalSection
	GlobalSection(ProjectConfigurationPlatforms) = postSolution
		{677A3103-259C-45F4-92DB-5C08C0353168}.Debug|Any CPU.ActiveCfg = Debug|Any CPU
		{677A3103-259C-45F4-92DB-5C08C0353168}.Debug|Any CPU.Build.0 = Debug|Any CPU
		{677A3103-259C-45F4-92DB-5C08C0353168}.Release|Any CPU.ActiveCfg = Release|Any CPU
		{677A3103-259C-45F4-92DB-5C08C0353168}.Release|Any CPU.Build.0 = Release|Any CPU
	EndGlobalSection
	GlobalSection(SolutionProperties) = preSolution
		HideSolutionNode = FALSE
	EndGlobalSection
	GlobalSection(ExtensibilityGlobals) = postSolution
		SolutionGuid = {74EA7A98-1EF5-4FD9-AE62-2EB0BF0C504C}
	EndGlobalSection
EndGlobal
