
Microsoft Visual Studio Solution File, Format Version 12.00
# Visual Studio 15
VisualStudioVersion = 15.0.28307.572
MinimumVisualStudioVersion = 10.0.40219.1
Project("{FAE04EC0-301F-11D3-BF4B-00C04F79EFBC}") = "A56Properties", "A56Properties\A56Properties.csproj", "{D9E9BCE0-7F37-4A57-8EE9-59B47BAD9BE3}"
EndProject
Global
	GlobalSection(SolutionConfigurationPlatforms) = preSolution
		Debug|Any CPU = Debug|Any CPU
		Release|Any CPU = Release|Any CPU
	EndGlobalSection
	GlobalSection(ProjectConfigurationPlatforms) = postSolution
		{D9E9BCE0-7F37-4A57-8EE9-59B47BAD9BE3}.Debug|Any CPU.ActiveCfg = Debug|Any CPU
		{D9E9BCE0-7F37-4A57-8EE9-59B47BAD9BE3}.Debug|Any CPU.Build.0 = Debug|Any CPU
		{D9E9BCE0-7F37-4A57-8EE9-59B47BAD9BE3}.Release|Any CPU.ActiveCfg = Release|Any CPU
		{D9E9BCE0-7F37-4A57-8EE9-59B47BAD9BE3}.Release|Any CPU.Build.0 = Release|Any CPU
	EndGlobalSection
	GlobalSection(SolutionProperties) = preSolution
		HideSolutionNode = FALSE
	EndGlobalSection
	GlobalSection(ExtensibilityGlobals) = postSolution
		SolutionGuid = {E97DC1EB-A894-44CE-9DA8-0C6BA5369244}
	EndGlobalSection
EndGlobal
