
Microsoft Visual Studio Solution File, Format Version 12.00
# Visual Studio 15
VisualStudioVersion = 15.0.28307.572
MinimumVisualStudioVersion = 10.0.40219.1
Project("{FAE04EC0-301F-11D3-BF4B-00C04F79EFBC}") = "A37Exercicio01", "A37Exercicio01\A37Exercicio01.csproj", "{00AB849B-F851-4874-8753-AA3E6EA53467}"
EndProject
Global
	GlobalSection(SolutionConfigurationPlatforms) = preSolution
		Debug|Any CPU = Debug|Any CPU
		Release|Any CPU = Release|Any CPU
	EndGlobalSection
	GlobalSection(ProjectConfigurationPlatforms) = postSolution
		{00AB849B-F851-4874-8753-AA3E6EA53467}.Debug|Any CPU.ActiveCfg = Debug|Any CPU
		{00AB849B-F851-4874-8753-AA3E6EA53467}.Debug|Any CPU.Build.0 = Debug|Any CPU
		{00AB849B-F851-4874-8753-AA3E6EA53467}.Release|Any CPU.ActiveCfg = Release|Any CPU
		{00AB849B-F851-4874-8753-AA3E6EA53467}.Release|Any CPU.Build.0 = Release|Any CPU
	EndGlobalSection
	GlobalSection(SolutionProperties) = preSolution
		HideSolutionNode = FALSE
	EndGlobalSection
	GlobalSection(ExtensibilityGlobals) = postSolution
		SolutionGuid = {DFC67CE9-DBD1-4F35-B316-E880263B8962}
	EndGlobalSection
EndGlobal
