
Microsoft Visual Studio Solution File, Format Version 12.00
# Visual Studio 15
VisualStudioVersion = 15.0.28307.572
MinimumVisualStudioVersion = 10.0.40219.1
Project("{FAE04EC0-301F-11D3-BF4B-00C04F79EFBC}") = "ExercicioCond01", "ExercicioCond01\ExercicioCond01.csproj", "{2A84F782-0624-4446-AA30-B0BA7759ACCF}"
EndProject
Global
	GlobalSection(SolutionConfigurationPlatforms) = preSolution
		Debug|Any CPU = Debug|Any CPU
		Release|Any CPU = Release|Any CPU
	EndGlobalSection
	GlobalSection(ProjectConfigurationPlatforms) = postSolution
		{2A84F782-0624-4446-AA30-B0BA7759ACCF}.Debug|Any CPU.ActiveCfg = Debug|Any CPU
		{2A84F782-0624-4446-AA30-B0BA7759ACCF}.Debug|Any CPU.Build.0 = Debug|Any CPU
		{2A84F782-0624-4446-AA30-B0BA7759ACCF}.Release|Any CPU.ActiveCfg = Release|Any CPU
		{2A84F782-0624-4446-AA30-B0BA7759ACCF}.Release|Any CPU.Build.0 = Release|Any CPU
	EndGlobalSection
	GlobalSection(SolutionProperties) = preSolution
		HideSolutionNode = FALSE
	EndGlobalSection
	GlobalSection(ExtensibilityGlobals) = postSolution
		SolutionGuid = {A0BD382F-B880-4DCE-94C4-72CE156BB85E}
	EndGlobalSection
EndGlobal
