
Microsoft Visual Studio Solution File, Format Version 12.00
# Visual Studio 15
VisualStudioVersion = 15.0.28307.572
MinimumVisualStudioVersion = 10.0.40219.1
Project("{FAE04EC0-301F-11D3-BF4B-00C04F79EFBC}") = "A69Vetores", "A69Vetores\A69Vetores.csproj", "{0E4552C0-9C00-4871-9333-6EE9FD187AA9}"
EndProject
Global
	GlobalSection(SolutionConfigurationPlatforms) = preSolution
		Debug|Any CPU = Debug|Any CPU
		Release|Any CPU = Release|Any CPU
	EndGlobalSection
	GlobalSection(ProjectConfigurationPlatforms) = postSolution
		{0E4552C0-9C00-4871-9333-6EE9FD187AA9}.Debug|Any CPU.ActiveCfg = Debug|Any CPU
		{0E4552C0-9C00-4871-9333-6EE9FD187AA9}.Debug|Any CPU.Build.0 = Debug|Any CPU
		{0E4552C0-9C00-4871-9333-6EE9FD187AA9}.Release|Any CPU.ActiveCfg = Release|Any CPU
		{0E4552C0-9C00-4871-9333-6EE9FD187AA9}.Release|Any CPU.Build.0 = Release|Any CPU
	EndGlobalSection
	GlobalSection(SolutionProperties) = preSolution
		HideSolutionNode = FALSE
	EndGlobalSection
	GlobalSection(ExtensibilityGlobals) = postSolution
		SolutionGuid = {17AC257B-4832-4325-A115-86CF2646F86B}
	EndGlobalSection
EndGlobal
