
Microsoft Visual Studio Solution File, Format Version 12.00
# Visual Studio 15
VisualStudioVersion = 15.0.28307.572
MinimumVisualStudioVersion = 10.0.40219.1
Project("{FAE04EC0-301F-11D3-BF4B-00C04F79EFBC}") = "A46Exercicio01", "A46Exercicio01\A46Exercicio01.csproj", "{8D8B10E1-3DB6-4CF3-B5FF-0C6A1171C035}"
EndProject
Global
	GlobalSection(SolutionConfigurationPlatforms) = preSolution
		Debug|Any CPU = Debug|Any CPU
		Release|Any CPU = Release|Any CPU
	EndGlobalSection
	GlobalSection(ProjectConfigurationPlatforms) = postSolution
		{8D8B10E1-3DB6-4CF3-B5FF-0C6A1171C035}.Debug|Any CPU.ActiveCfg = Debug|Any CPU
		{8D8B10E1-3DB6-4CF3-B5FF-0C6A1171C035}.Debug|Any CPU.Build.0 = Debug|Any CPU
		{8D8B10E1-3DB6-4CF3-B5FF-0C6A1171C035}.Release|Any CPU.ActiveCfg = Release|Any CPU
		{8D8B10E1-3DB6-4CF3-B5FF-0C6A1171C035}.Release|Any CPU.Build.0 = Release|Any CPU
	EndGlobalSection
	GlobalSection(SolutionProperties) = preSolution
		HideSolutionNode = FALSE
	EndGlobalSection
	GlobalSection(ExtensibilityGlobals) = postSolution
		SolutionGuid = {5F8BF5D9-B6E3-4EAB-A223-BBD1295015EC}
	EndGlobalSection
EndGlobal
